// !$*UTF8*$!
{
	archiveVersion = 1;
	classes = {
	};
	objectVersion = 56;
	objects = {

/* Begin PBXBuildFile section */
		FBA262EB2996B87400CA367F /* AppDelegate.swift in Sources */ = {isa = PBXBuildFile; fileRef = FBA262EA2996B87400CA367F /* AppDelegate.swift */; };
		FBA262ED2996B87400CA367F /* SceneDelegate.swift in Sources */ = {isa = PBXBuildFile; fileRef = FBA262EC2996B87400CA367F /* SceneDelegate.swift */; };
		FBA262EF2996B87400CA367F /* SearchViewController.swift in Sources */ = {isa = PBXBuildFile; fileRef = FBA262EE2996B87400CA367F /* SearchViewController.swift */; };
		FBA262F42996B87600CA367F /* Assets.xcassets in Resources */ = {isa = PBXBuildFile; fileRef = FBA262F32996B87600CA367F /* Assets.xcassets */; };
		FBA2630C2996B87600CA367F /* ArgyleTestUITests.swift in Sources */ = {isa = PBXBuildFile; fileRef = FBA2630B2996B87600CA367F /* ArgyleTestUITests.swift */; };
		FBA2630E2996B87600CA367F /* ArgyleTestUITestsLaunchTests.swift in Sources */ = {isa = PBXBuildFile; fileRef = FBA2630D2996B87600CA367F /* ArgyleTestUITestsLaunchTests.swift */; };
		FBA2631D2996BCD700CA367F /* BuildConfiguration.swift in Sources */ = {isa = PBXBuildFile; fileRef = FBA2631C2996BCD700CA367F /* BuildConfiguration.swift */; };
		FBA263202996C20F00CA367F /* APISessionProviding.swift in Sources */ = {isa = PBXBuildFile; fileRef = FBA2631F2996C20F00CA367F /* APISessionProviding.swift */; };
		FBA263222996C24B00CA367F /* APISession.swift in Sources */ = {isa = PBXBuildFile; fileRef = FBA263212996C24B00CA367F /* APISession.swift */; };
		FBA263242996C29000CA367F /* RequestProviding.swift in Sources */ = {isa = PBXBuildFile; fileRef = FBA263232996C29000CA367F /* RequestProviding.swift */; };
		FBA263262996C2C700CA367F /* HTTPMethod.swift in Sources */ = {isa = PBXBuildFile; fileRef = FBA263252996C2C700CA367F /* HTTPMethod.swift */; };
		FBA263282996C3EA00CA367F /* HTTPHeader.swift in Sources */ = {isa = PBXBuildFile; fileRef = FBA263272996C3EA00CA367F /* HTTPHeader.swift */; };
		FBA2632B299791EE00CA367F /* Dictionary.swift in Sources */ = {isa = PBXBuildFile; fileRef = FBA2632A299791EE00CA367F /* Dictionary.swift */; };
		FBA2632D2997926500CA367F /* API.swift in Sources */ = {isa = PBXBuildFile; fileRef = FBA2632C2997926500CA367F /* API.swift */; };
		FBA26331299792D200CA367F /* SearchEndpoint.swift in Sources */ = {isa = PBXBuildFile; fileRef = FBA26330299792D200CA367F /* SearchEndpoint.swift */; };
		FBA26333299793BF00CA367F /* SearchParameters.swift in Sources */ = {isa = PBXBuildFile; fileRef = FBA26332299793BF00CA367F /* SearchParameters.swift */; };
		FBA263362997949100CA367F /* SearchProvider.swift in Sources */ = {isa = PBXBuildFile; fileRef = FBA263352997949100CA367F /* SearchProvider.swift */; };
		FBA26339299795FD00CA367F /* Company.swift in Sources */ = {isa = PBXBuildFile; fileRef = FBA26338299795FD00CA367F /* Company.swift */; };
		FBA2633B299796A600CA367F /* SearchResults.swift in Sources */ = {isa = PBXBuildFile; fileRef = FBA2633A299796A600CA367F /* SearchResults.swift */; };
		FBA2633E2997991F00CA367F /* Injected.swift in Sources */ = {isa = PBXBuildFile; fileRef = FBA2633D2997991F00CA367F /* Injected.swift */; };
		FBA263402997993300CA367F /* InjectionKey.swift in Sources */ = {isa = PBXBuildFile; fileRef = FBA2633F2997993300CA367F /* InjectionKey.swift */; };
		FBA263422997995900CA367F /* InjectedValues.swift in Sources */ = {isa = PBXBuildFile; fileRef = FBA263412997995900CA367F /* InjectedValues.swift */; };
		FBA263442997997600CA367F /* InjectedKeys.swift in Sources */ = {isa = PBXBuildFile; fileRef = FBA263432997997600CA367F /* InjectedKeys.swift */; };
		FBA2634729979A3100CA367F /* SearchViewModel.swift in Sources */ = {isa = PBXBuildFile; fileRef = FBA2634629979A3100CA367F /* SearchViewModel.swift */; };
		FBA263492997A35A00CA367F /* SearchCollectionView.swift in Sources */ = {isa = PBXBuildFile; fileRef = FBA263482997A35A00CA367F /* SearchCollectionView.swift */; };
		FBA2634B2997A39C00CA367F /* AutoLayoutable.swift in Sources */ = {isa = PBXBuildFile; fileRef = FBA2634A2997A39C00CA367F /* AutoLayoutable.swift */; };
		FBA2634E2997A44C00CA367F /* SearchCollectionViewCell.swift in Sources */ = {isa = PBXBuildFile; fileRef = FBA2634D2997A44C00CA367F /* SearchCollectionViewCell.swift */; };
		FBA263502997A48F00CA367F /* UIView.swift in Sources */ = {isa = PBXBuildFile; fileRef = FBA2634F2997A48F00CA367F /* UIView.swift */; };
		FBA263522997A4F500CA367F /* SearchCollectionViewCellView.swift in Sources */ = {isa = PBXBuildFile; fileRef = FBA263512997A4F500CA367F /* SearchCollectionViewCellView.swift */; };
		FBA263542997A54000CA367F /* SearchCollectionViewCellViewModel.swift in Sources */ = {isa = PBXBuildFile; fileRef = FBA263532997A54000CA367F /* SearchCollectionViewCellViewModel.swift */; };
		FBA263572997B35D00CA367F /* CombineCocoa in Frameworks */ = {isa = PBXBuildFile; productRef = FBA263562997B35D00CA367F /* CombineCocoa */; };
		FBA2635A2997B38200CA367F /* Kingfisher in Frameworks */ = {isa = PBXBuildFile; productRef = FBA263592997B38200CA367F /* Kingfisher */; };
		FBA2635C2998351C00CA367F /* SearchViewControllerTests.swift in Sources */ = {isa = PBXBuildFile; fileRef = FBA2635B2998351C00CA367F /* SearchViewControllerTests.swift */; };
		FBA2635F2998367500CA367F /* CombineCocoa in Frameworks */ = {isa = PBXBuildFile; productRef = FBA2635E2998367500CA367F /* CombineCocoa */; };
		FBA263612998367500CA367F /* Kingfisher in Frameworks */ = {isa = PBXBuildFile; productRef = FBA263602998367500CA367F /* Kingfisher */; };
		FBA263632998398200CA367F /* SearchProviderTests.swift in Sources */ = {isa = PBXBuildFile; fileRef = FBA263622998398200CA367F /* SearchProviderTests.swift */; };
		FBA2636729983C9700CA367F /* MockSearchProvider.swift in Sources */ = {isa = PBXBuildFile; fileRef = FBA2636429983BBD00CA367F /* MockSearchProvider.swift */; };
		FBA2636929983DF300CA367F /* ProcessInfo.swift in Sources */ = {isa = PBXBuildFile; fileRef = FBA2636829983DF300CA367F /* ProcessInfo.swift */; };
		FBA2636B2998461A00CA367F /* SearchViewModelTests.swift in Sources */ = {isa = PBXBuildFile; fileRef = FBA2636A2998461A00CA367F /* SearchViewModelTests.swift */; };
		FBA2636D2998EC6B00CA367F /* EndpointTests.swift in Sources */ = {isa = PBXBuildFile; fileRef = FBA2636C2998EC6B00CA367F /* EndpointTests.swift */; };
		FBA2636F2998F47800CA367F /* URL.swift in Sources */ = {isa = PBXBuildFile; fileRef = FBA2636E2998F47800CA367F /* URL.swift */; };
		FBA263712998F57F00CA367F /* MockEndpoint.swift in Sources */ = {isa = PBXBuildFile; fileRef = FBA263702998F57F00CA367F /* MockEndpoint.swift */; };
		FBA263732998F79E00CA367F /* UIViewController.swift in Sources */ = {isa = PBXBuildFile; fileRef = FBA263722998F79E00CA367F /* UIViewController.swift */; };
/* End PBXBuildFile section */

/* Begin PBXContainerItemProxy section */
		FBA262FE2996B87600CA367F /* PBXContainerItemProxy */ = {
			isa = PBXContainerItemProxy;
			containerPortal = FBA262DF2996B87400CA367F /* Project object */;
			proxyType = 1;
			remoteGlobalIDString = FBA262E62996B87400CA367F;
			remoteInfo = ArgyleTest;
		};
		FBA263082996B87600CA367F /* PBXContainerItemProxy */ = {
			isa = PBXContainerItemProxy;
			containerPortal = FBA262DF2996B87400CA367F /* Project object */;
			proxyType = 1;
			remoteGlobalIDString = FBA262E62996B87400CA367F;
			remoteInfo = ArgyleTest;
		};
/* End PBXContainerItemProxy section */

/* Begin PBXFileReference section */
		FBA262E72996B87400CA367F /* ArgyleTest.app */ = {isa = PBXFileReference; explicitFileType = wrapper.application; includeInIndex = 0; path = ArgyleTest.app; sourceTree = BUILT_PRODUCTS_DIR; };
		FBA262EA2996B87400CA367F /* AppDelegate.swift */ = {isa = PBXFileReference; lastKnownFileType = sourcecode.swift; path = AppDelegate.swift; sourceTree = "<group>"; };
		FBA262EC2996B87400CA367F /* SceneDelegate.swift */ = {isa = PBXFileReference; lastKnownFileType = sourcecode.swift; path = SceneDelegate.swift; sourceTree = "<group>"; };
		FBA262EE2996B87400CA367F /* SearchViewController.swift */ = {isa = PBXFileReference; lastKnownFileType = sourcecode.swift; path = SearchViewController.swift; sourceTree = "<group>"; };
		FBA262F32996B87600CA367F /* Assets.xcassets */ = {isa = PBXFileReference; lastKnownFileType = folder.assetcatalog; path = Assets.xcassets; sourceTree = "<group>"; };
		FBA262F82996B87600CA367F /* Info.plist */ = {isa = PBXFileReference; lastKnownFileType = text.plist.xml; path = Info.plist; sourceTree = "<group>"; };
		FBA262FD2996B87600CA367F /* ArgyleTestTests.xctest */ = {isa = PBXFileReference; explicitFileType = wrapper.cfbundle; includeInIndex = 0; path = ArgyleTestTests.xctest; sourceTree = BUILT_PRODUCTS_DIR; };
		FBA263072996B87600CA367F /* ArgyleTestUITests.xctest */ = {isa = PBXFileReference; explicitFileType = wrapper.cfbundle; includeInIndex = 0; path = ArgyleTestUITests.xctest; sourceTree = BUILT_PRODUCTS_DIR; };
		FBA2630B2996B87600CA367F /* ArgyleTestUITests.swift */ = {isa = PBXFileReference; lastKnownFileType = sourcecode.swift; path = ArgyleTestUITests.swift; sourceTree = "<group>"; };
		FBA2630D2996B87600CA367F /* ArgyleTestUITestsLaunchTests.swift */ = {isa = PBXFileReference; lastKnownFileType = sourcecode.swift; path = ArgyleTestUITestsLaunchTests.swift; sourceTree = "<group>"; };
		FBA2631A2996BBF800CA367F /* Config.xcconfig */ = {isa = PBXFileReference; lastKnownFileType = text.xcconfig; path = Config.xcconfig; sourceTree = "<group>"; };
		FBA2631C2996BCD700CA367F /* BuildConfiguration.swift */ = {isa = PBXFileReference; lastKnownFileType = sourcecode.swift; path = BuildConfiguration.swift; sourceTree = "<group>"; };
		FBA2631F2996C20F00CA367F /* APISessionProviding.swift */ = {isa = PBXFileReference; lastKnownFileType = sourcecode.swift; path = APISessionProviding.swift; sourceTree = "<group>"; };
		FBA263212996C24B00CA367F /* APISession.swift */ = {isa = PBXFileReference; lastKnownFileType = sourcecode.swift; path = APISession.swift; sourceTree = "<group>"; };
		FBA263232996C29000CA367F /* RequestProviding.swift */ = {isa = PBXFileReference; lastKnownFileType = sourcecode.swift; path = RequestProviding.swift; sourceTree = "<group>"; };
		FBA263252996C2C700CA367F /* HTTPMethod.swift */ = {isa = PBXFileReference; lastKnownFileType = sourcecode.swift; path = HTTPMethod.swift; sourceTree = "<group>"; };
		FBA263272996C3EA00CA367F /* HTTPHeader.swift */ = {isa = PBXFileReference; lastKnownFileType = sourcecode.swift; path = HTTPHeader.swift; sourceTree = "<group>"; };
		FBA2632A299791EE00CA367F /* Dictionary.swift */ = {isa = PBXFileReference; lastKnownFileType = sourcecode.swift; path = Dictionary.swift; sourceTree = "<group>"; };
		FBA2632C2997926500CA367F /* API.swift */ = {isa = PBXFileReference; lastKnownFileType = sourcecode.swift; path = API.swift; sourceTree = "<group>"; };
		FBA26330299792D200CA367F /* SearchEndpoint.swift */ = {isa = PBXFileReference; lastKnownFileType = sourcecode.swift; path = SearchEndpoint.swift; sourceTree = "<group>"; };
		FBA26332299793BF00CA367F /* SearchParameters.swift */ = {isa = PBXFileReference; lastKnownFileType = sourcecode.swift; path = SearchParameters.swift; sourceTree = "<group>"; };
		FBA263352997949100CA367F /* SearchProvider.swift */ = {isa = PBXFileReference; lastKnownFileType = sourcecode.swift; path = SearchProvider.swift; sourceTree = "<group>"; };
		FBA26338299795FD00CA367F /* Company.swift */ = {isa = PBXFileReference; lastKnownFileType = sourcecode.swift; path = Company.swift; sourceTree = "<group>"; };
		FBA2633A299796A600CA367F /* SearchResults.swift */ = {isa = PBXFileReference; lastKnownFileType = sourcecode.swift; path = SearchResults.swift; sourceTree = "<group>"; };
		FBA2633D2997991F00CA367F /* Injected.swift */ = {isa = PBXFileReference; lastKnownFileType = sourcecode.swift; path = Injected.swift; sourceTree = "<group>"; };
		FBA2633F2997993300CA367F /* InjectionKey.swift */ = {isa = PBXFileReference; lastKnownFileType = sourcecode.swift; path = InjectionKey.swift; sourceTree = "<group>"; };
		FBA263412997995900CA367F /* InjectedValues.swift */ = {isa = PBXFileReference; lastKnownFileType = sourcecode.swift; path = InjectedValues.swift; sourceTree = "<group>"; };
		FBA263432997997600CA367F /* InjectedKeys.swift */ = {isa = PBXFileReference; lastKnownFileType = sourcecode.swift; path = InjectedKeys.swift; sourceTree = "<group>"; };
		FBA2634629979A3100CA367F /* SearchViewModel.swift */ = {isa = PBXFileReference; lastKnownFileType = sourcecode.swift; path = SearchViewModel.swift; sourceTree = "<group>"; };
		FBA263482997A35A00CA367F /* SearchCollectionView.swift */ = {isa = PBXFileReference; lastKnownFileType = sourcecode.swift; path = SearchCollectionView.swift; sourceTree = "<group>"; };
		FBA2634A2997A39C00CA367F /* AutoLayoutable.swift */ = {isa = PBXFileReference; lastKnownFileType = sourcecode.swift; path = AutoLayoutable.swift; sourceTree = "<group>"; };
		FBA2634D2997A44C00CA367F /* SearchCollectionViewCell.swift */ = {isa = PBXFileReference; lastKnownFileType = sourcecode.swift; path = SearchCollectionViewCell.swift; sourceTree = "<group>"; };
		FBA2634F2997A48F00CA367F /* UIView.swift */ = {isa = PBXFileReference; lastKnownFileType = sourcecode.swift; path = UIView.swift; sourceTree = "<group>"; };
		FBA263512997A4F500CA367F /* SearchCollectionViewCellView.swift */ = {isa = PBXFileReference; lastKnownFileType = sourcecode.swift; path = SearchCollectionViewCellView.swift; sourceTree = "<group>"; };
		FBA263532997A54000CA367F /* SearchCollectionViewCellViewModel.swift */ = {isa = PBXFileReference; lastKnownFileType = sourcecode.swift; path = SearchCollectionViewCellViewModel.swift; sourceTree = "<group>"; };
		FBA2635B2998351C00CA367F /* SearchViewControllerTests.swift */ = {isa = PBXFileReference; lastKnownFileType = sourcecode.swift; path = SearchViewControllerTests.swift; sourceTree = "<group>"; };
		FBA263622998398200CA367F /* SearchProviderTests.swift */ = {isa = PBXFileReference; lastKnownFileType = sourcecode.swift; path = SearchProviderTests.swift; sourceTree = "<group>"; };
		FBA2636429983BBD00CA367F /* MockSearchProvider.swift */ = {isa = PBXFileReference; lastKnownFileType = sourcecode.swift; path = MockSearchProvider.swift; sourceTree = "<group>"; };
		FBA2636829983DF300CA367F /* ProcessInfo.swift */ = {isa = PBXFileReference; lastKnownFileType = sourcecode.swift; path = ProcessInfo.swift; sourceTree = "<group>"; };
		FBA2636A2998461A00CA367F /* SearchViewModelTests.swift */ = {isa = PBXFileReference; lastKnownFileType = sourcecode.swift; path = SearchViewModelTests.swift; sourceTree = "<group>"; };
		FBA2636C2998EC6B00CA367F /* EndpointTests.swift */ = {isa = PBXFileReference; lastKnownFileType = sourcecode.swift; path = EndpointTests.swift; sourceTree = "<group>"; };
		FBA2636E2998F47800CA367F /* URL.swift */ = {isa = PBXFileReference; lastKnownFileType = sourcecode.swift; path = URL.swift; sourceTree = "<group>"; };
		FBA263702998F57F00CA367F /* MockEndpoint.swift */ = {isa = PBXFileReference; lastKnownFileType = sourcecode.swift; path = MockEndpoint.swift; sourceTree = "<group>"; };
		FBA263722998F79E00CA367F /* UIViewController.swift */ = {isa = PBXFileReference; lastKnownFileType = sourcecode.swift; path = UIViewController.swift; sourceTree = "<group>"; };
/* End PBXFileReference section */

/* Begin PBXFrameworksBuildPhase section */
		FBA262E42996B87400CA367F /* Frameworks */ = {
			isa = PBXFrameworksBuildPhase;
			buildActionMask = 2147483647;
			files = (
				FBA2635A2997B38200CA367F /* Kingfisher in Frameworks */,
				FBA263572997B35D00CA367F /* CombineCocoa in Frameworks */,
			);
			runOnlyForDeploymentPostprocessing = 0;
		};
		FBA262FA2996B87600CA367F /* Frameworks */ = {
			isa = PBXFrameworksBuildPhase;
			buildActionMask = 2147483647;
			files = (
				FBA263612998367500CA367F /* Kingfisher in Frameworks */,
				FBA2635F2998367500CA367F /* CombineCocoa in Frameworks */,
			);
			runOnlyForDeploymentPostprocessing = 0;
		};
		FBA263042996B87600CA367F /* Frameworks */ = {
			isa = PBXFrameworksBuildPhase;
			buildActionMask = 2147483647;
			files = (
			);
			runOnlyForDeploymentPostprocessing = 0;
		};
/* End PBXFrameworksBuildPhase section */

/* Begin PBXGroup section */
		FBA262DE2996B87400CA367F = {
			isa = PBXGroup;
			children = (
				FBA262E92996B87400CA367F /* ArgyleTest */,
				FBA263002996B87600CA367F /* ArgyleTestTests */,
				FBA2630A2996B87600CA367F /* ArgyleTestUITests */,
				FBA262E82996B87400CA367F /* Products */,
				FBA2635D2998367500CA367F /* Frameworks */,
			);
			sourceTree = "<group>";
		};
		FBA262E82996B87400CA367F /* Products */ = {
			isa = PBXGroup;
			children = (
				FBA262E72996B87400CA367F /* ArgyleTest.app */,
				FBA262FD2996B87600CA367F /* ArgyleTestTests.xctest */,
				FBA263072996B87600CA367F /* ArgyleTestUITests.xctest */,
			);
			name = Products;
			sourceTree = "<group>";
		};
		FBA262E92996B87400CA367F /* ArgyleTest */ = {
			isa = PBXGroup;
			children = (
				FBA2636629983C7C00CA367F /* Mocks */,
				FBA2633C2997990E00CA367F /* Injection */,
				FBA26337299795F300CA367F /* Models */,
				FBA26329299791E600CA367F /* Extensions */,
				FBA2631E2996C1FF00CA367F /* Networking */,
				FBA2631B2996BCCA00CA367F /* Utilities */,
				FBA262EA2996B87400CA367F /* AppDelegate.swift */,
				FBA262EC2996B87400CA367F /* SceneDelegate.swift */,
				FBA26345299799D900CA367F /* UI */,
				FBA262F32996B87600CA367F /* Assets.xcassets */,
				FBA262F82996B87600CA367F /* Info.plist */,
				FBA2631A2996BBF800CA367F /* Config.xcconfig */,
			);
			path = ArgyleTest;
			sourceTree = "<group>";
		};
		FBA263002996B87600CA367F /* ArgyleTestTests */ = {
			isa = PBXGroup;
			children = (
				FBA2635B2998351C00CA367F /* SearchViewControllerTests.swift */,
				FBA263622998398200CA367F /* SearchProviderTests.swift */,
				FBA2636A2998461A00CA367F /* SearchViewModelTests.swift */,
				FBA2636C2998EC6B00CA367F /* EndpointTests.swift */,
			);
			path = ArgyleTestTests;
			sourceTree = "<group>";
		};
		FBA2630A2996B87600CA367F /* ArgyleTestUITests */ = {
			isa = PBXGroup;
			children = (
				FBA2630B2996B87600CA367F /* ArgyleTestUITests.swift */,
				FBA2630D2996B87600CA367F /* ArgyleTestUITestsLaunchTests.swift */,
			);
			path = ArgyleTestUITests;
			sourceTree = "<group>";
		};
		FBA2631B2996BCCA00CA367F /* Utilities */ = {
			isa = PBXGroup;
			children = (
				FBA2631C2996BCD700CA367F /* BuildConfiguration.swift */,
				FBA2634A2997A39C00CA367F /* AutoLayoutable.swift */,
			);
			path = Utilities;
			sourceTree = "<group>";
		};
		FBA2631E2996C1FF00CA367F /* Networking */ = {
			isa = PBXGroup;
			children = (
				FBA263342997948600CA367F /* Providers */,
				FBA2632F299792C400CA367F /* Endpoints */,
				FBA2632E299792BB00CA367F /* APISession */,
			);
			path = Networking;
			sourceTree = "<group>";
		};
		FBA26329299791E600CA367F /* Extensions */ = {
			isa = PBXGroup;
			children = (
				FBA2632A299791EE00CA367F /* Dictionary.swift */,
				FBA2634F2997A48F00CA367F /* UIView.swift */,
				FBA2636829983DF300CA367F /* ProcessInfo.swift */,
				FBA2636E2998F47800CA367F /* URL.swift */,
				FBA263722998F79E00CA367F /* UIViewController.swift */,
			);
			path = Extensions;
			sourceTree = "<group>";
		};
		FBA2632E299792BB00CA367F /* APISession */ = {
			isa = PBXGroup;
			children = (
				FBA2631F2996C20F00CA367F /* APISessionProviding.swift */,
				FBA263212996C24B00CA367F /* APISession.swift */,
				FBA263232996C29000CA367F /* RequestProviding.swift */,
				FBA263252996C2C700CA367F /* HTTPMethod.swift */,
				FBA263272996C3EA00CA367F /* HTTPHeader.swift */,
				FBA2632C2997926500CA367F /* API.swift */,
			);
			path = APISession;
			sourceTree = "<group>";
		};
		FBA2632F299792C400CA367F /* Endpoints */ = {
			isa = PBXGroup;
			children = (
				FBA26330299792D200CA367F /* SearchEndpoint.swift */,
				FBA26332299793BF00CA367F /* SearchParameters.swift */,
			);
			path = Endpoints;
			sourceTree = "<group>";
		};
		FBA263342997948600CA367F /* Providers */ = {
			isa = PBXGroup;
			children = (
				FBA263352997949100CA367F /* SearchProvider.swift */,
			);
			path = Providers;
			sourceTree = "<group>";
		};
		FBA26337299795F300CA367F /* Models */ = {
			isa = PBXGroup;
			children = (
				FBA26338299795FD00CA367F /* Company.swift */,
				FBA2633A299796A600CA367F /* SearchResults.swift */,
			);
			path = Models;
			sourceTree = "<group>";
		};
		FBA2633C2997990E00CA367F /* Injection */ = {
			isa = PBXGroup;
			children = (
				FBA2633D2997991F00CA367F /* Injected.swift */,
				FBA2633F2997993300CA367F /* InjectionKey.swift */,
				FBA263412997995900CA367F /* InjectedValues.swift */,
				FBA263432997997600CA367F /* InjectedKeys.swift */,
			);
			path = Injection;
			sourceTree = "<group>";
		};
		FBA26345299799D900CA367F /* UI */ = {
			isa = PBXGroup;
			children = (
				FBA2634C2997A42B00CA367F /* SearchCollectionViewCell */,
				FBA262EE2996B87400CA367F /* SearchViewController.swift */,
				FBA2634629979A3100CA367F /* SearchViewModel.swift */,
				FBA263482997A35A00CA367F /* SearchCollectionView.swift */,
			);
			path = UI;
			sourceTree = "<group>";
		};
		FBA2634C2997A42B00CA367F /* SearchCollectionViewCell */ = {
			isa = PBXGroup;
			children = (
				FBA2634D2997A44C00CA367F /* SearchCollectionViewCell.swift */,
				FBA263512997A4F500CA367F /* SearchCollectionViewCellView.swift */,
				FBA263532997A54000CA367F /* SearchCollectionViewCellViewModel.swift */,
			);
			path = SearchCollectionViewCell;
			sourceTree = "<group>";
		};
		FBA2635D2998367500CA367F /* Frameworks */ = {
			isa = PBXGroup;
			children = (
			);
			name = Frameworks;
			sourceTree = "<group>";
		};
		FBA2636629983C7C00CA367F /* Mocks */ = {
			isa = PBXGroup;
			children = (
				FBA2636429983BBD00CA367F /* MockSearchProvider.swift */,
				FBA263702998F57F00CA367F /* MockEndpoint.swift */,
			);
			path = Mocks;
			sourceTree = "<group>";
		};
/* End PBXGroup section */

/* Begin PBXNativeTarget section */
		FBA262E62996B87400CA367F /* ArgyleTest */ = {
			isa = PBXNativeTarget;
			buildConfigurationList = FBA263112996B87600CA367F /* Build configuration list for PBXNativeTarget "ArgyleTest" */;
			buildPhases = (
				FBA262E32996B87400CA367F /* Sources */,
				FBA262E42996B87400CA367F /* Frameworks */,
				FBA262E52996B87400CA367F /* Resources */,
			);
			buildRules = (
			);
			dependencies = (
			);
			name = ArgyleTest;
			packageProductDependencies = (
				FBA263562997B35D00CA367F /* CombineCocoa */,
				FBA263592997B38200CA367F /* Kingfisher */,
			);
			productName = ArgyleTest;
			productReference = FBA262E72996B87400CA367F /* ArgyleTest.app */;
			productType = "com.apple.product-type.application";
		};
		FBA262FC2996B87600CA367F /* ArgyleTestTests */ = {
			isa = PBXNativeTarget;
			buildConfigurationList = FBA263142996B87600CA367F /* Build configuration list for PBXNativeTarget "ArgyleTestTests" */;
			buildPhases = (
				FBA262F92996B87600CA367F /* Sources */,
				FBA262FA2996B87600CA367F /* Frameworks */,
				FBA262FB2996B87600CA367F /* Resources */,
			);
			buildRules = (
			);
			dependencies = (
				FBA262FF2996B87600CA367F /* PBXTargetDependency */,
			);
			name = ArgyleTestTests;
			packageProductDependencies = (
				FBA2635E2998367500CA367F /* CombineCocoa */,
				FBA263602998367500CA367F /* Kingfisher */,
			);
			productName = ArgyleTestTests;
			productReference = FBA262FD2996B87600CA367F /* ArgyleTestTests.xctest */;
			productType = "com.apple.product-type.bundle.unit-test";
		};
		FBA263062996B87600CA367F /* ArgyleTestUITests */ = {
			isa = PBXNativeTarget;
			buildConfigurationList = FBA263172996B87600CA367F /* Build configuration list for PBXNativeTarget "ArgyleTestUITests" */;
			buildPhases = (
				FBA263032996B87600CA367F /* Sources */,
				FBA263042996B87600CA367F /* Frameworks */,
				FBA263052996B87600CA367F /* Resources */,
			);
			buildRules = (
			);
			dependencies = (
				FBA263092996B87600CA367F /* PBXTargetDependency */,
			);
			name = ArgyleTestUITests;
			productName = ArgyleTestUITests;
			productReference = FBA263072996B87600CA367F /* ArgyleTestUITests.xctest */;
			productType = "com.apple.product-type.bundle.ui-testing";
		};
/* End PBXNativeTarget section */

/* Begin PBXProject section */
		FBA262DF2996B87400CA367F /* Project object */ = {
			isa = PBXProject;
			attributes = {
				BuildIndependentTargetsInParallel = 1;
				LastSwiftUpdateCheck = 1420;
				LastUpgradeCheck = 1420;
				TargetAttributes = {
					FBA262E62996B87400CA367F = {
						CreatedOnToolsVersion = 14.2;
					};
					FBA262FC2996B87600CA367F = {
						CreatedOnToolsVersion = 14.2;
						TestTargetID = FBA262E62996B87400CA367F;
					};
					FBA263062996B87600CA367F = {
						CreatedOnToolsVersion = 14.2;
						TestTargetID = FBA262E62996B87400CA367F;
					};
				};
			};
			buildConfigurationList = FBA262E22996B87400CA367F /* Build configuration list for PBXProject "ArgyleTest" */;
			compatibilityVersion = "Xcode 14.0";
			developmentRegion = en;
			hasScannedForEncodings = 0;
			knownRegions = (
				en,
				Base,
			);
			mainGroup = FBA262DE2996B87400CA367F;
			packageReferences = (
				FBA263552997B35D00CA367F /* XCRemoteSwiftPackageReference "CombineCocoa" */,
				FBA263582997B38200CA367F /* XCRemoteSwiftPackageReference "Kingfisher" */,
			);
			productRefGroup = FBA262E82996B87400CA367F /* Products */;
			projectDirPath = "";
			projectRoot = "";
			targets = (
				FBA262E62996B87400CA367F /* ArgyleTest */,
				FBA262FC2996B87600CA367F /* ArgyleTestTests */,
				FBA263062996B87600CA367F /* ArgyleTestUITests */,
			);
		};
/* End PBXProject section */

/* Begin PBXResourcesBuildPhase section */
		FBA262E52996B87400CA367F /* Resources */ = {
			isa = PBXResourcesBuildPhase;
			buildActionMask = 2147483647;
			files = (
				FBA262F42996B87600CA367F /* Assets.xcassets in Resources */,
			);
			runOnlyForDeploymentPostprocessing = 0;
		};
		FBA262FB2996B87600CA367F /* Resources */ = {
			isa = PBXResourcesBuildPhase;
			buildActionMask = 2147483647;
			files = (
			);
			runOnlyForDeploymentPostprocessing = 0;
		};
		FBA263052996B87600CA367F /* Resources */ = {
			isa = PBXResourcesBuildPhase;
			buildActionMask = 2147483647;
			files = (
			);
			runOnlyForDeploymentPostprocessing = 0;
		};
/* End PBXResourcesBuildPhase section */

/* Begin PBXSourcesBuildPhase section */
		FBA262E32996B87400CA367F /* Sources */ = {
			isa = PBXSourcesBuildPhase;
			buildActionMask = 2147483647;
			files = (
				FBA263712998F57F00CA367F /* MockEndpoint.swift in Sources */,
				FBA2632D2997926500CA367F /* API.swift in Sources */,
				FBA263522997A4F500CA367F /* SearchCollectionViewCellView.swift in Sources */,
				FBA263282996C3EA00CA367F /* HTTPHeader.swift in Sources */,
				FBA26331299792D200CA367F /* SearchEndpoint.swift in Sources */,
				FBA2633E2997991F00CA367F /* Injected.swift in Sources */,
				FBA2636F2998F47800CA367F /* URL.swift in Sources */,
				FBA2632B299791EE00CA367F /* Dictionary.swift in Sources */,
				FBA263202996C20F00CA367F /* APISessionProviding.swift in Sources */,
				FBA263422997995900CA367F /* InjectedValues.swift in Sources */,
				FBA2634B2997A39C00CA367F /* AutoLayoutable.swift in Sources */,
				FBA263442997997600CA367F /* InjectedKeys.swift in Sources */,
				FBA262EF2996B87400CA367F /* SearchViewController.swift in Sources */,
				FBA263402997993300CA367F /* InjectionKey.swift in Sources */,
				FBA263732998F79E00CA367F /* UIViewController.swift in Sources */,
				FBA263492997A35A00CA367F /* SearchCollectionView.swift in Sources */,
				FBA2633B299796A600CA367F /* SearchResults.swift in Sources */,
				FBA263362997949100CA367F /* SearchProvider.swift in Sources */,
				FBA2636929983DF300CA367F /* ProcessInfo.swift in Sources */,
				FBA2634E2997A44C00CA367F /* SearchCollectionViewCell.swift in Sources */,
				FBA26333299793BF00CA367F /* SearchParameters.swift in Sources */,
				FBA26339299795FD00CA367F /* Company.swift in Sources */,
				FBA262EB2996B87400CA367F /* AppDelegate.swift in Sources */,
				FBA2634729979A3100CA367F /* SearchViewModel.swift in Sources */,
				FBA262ED2996B87400CA367F /* SceneDelegate.swift in Sources */,
				FBA263502997A48F00CA367F /* UIView.swift in Sources */,
				FBA263262996C2C700CA367F /* HTTPMethod.swift in Sources */,
				FBA2636729983C9700CA367F /* MockSearchProvider.swift in Sources */,
				FBA2631D2996BCD700CA367F /* BuildConfiguration.swift in Sources */,
				FBA263222996C24B00CA367F /* APISession.swift in Sources */,
				FBA263542997A54000CA367F /* SearchCollectionViewCellViewModel.swift in Sources */,
				FBA263242996C29000CA367F /* RequestProviding.swift in Sources */,
			);
			runOnlyForDeploymentPostprocessing = 0;
		};
		FBA262F92996B87600CA367F /* Sources */ = {
			isa = PBXSourcesBuildPhase;
			buildActionMask = 2147483647;
			files = (
				FBA2635C2998351C00CA367F /* SearchViewControllerTests.swift in Sources */,
				FBA263632998398200CA367F /* SearchProviderTests.swift in Sources */,
				FBA2636D2998EC6B00CA367F /* EndpointTests.swift in Sources */,
				FBA2636B2998461A00CA367F /* SearchViewModelTests.swift in Sources */,
			);
			runOnlyForDeploymentPostprocessing = 0;
		};
		FBA263032996B87600CA367F /* Sources */ = {
			isa = PBXSourcesBuildPhase;
			buildActionMask = 2147483647;
			files = (
				FBA2630E2996B87600CA367F /* ArgyleTestUITestsLaunchTests.swift in Sources */,
				FBA2630C2996B87600CA367F /* ArgyleTestUITests.swift in Sources */,
			);
			runOnlyForDeploymentPostprocessing = 0;
		};
/* End PBXSourcesBuildPhase section */

/* Begin PBXTargetDependency section */
		FBA262FF2996B87600CA367F /* PBXTargetDependency */ = {
			isa = PBXTargetDependency;
			target = FBA262E62996B87400CA367F /* ArgyleTest */;
			targetProxy = FBA262FE2996B87600CA367F /* PBXContainerItemProxy */;
		};
		FBA263092996B87600CA367F /* PBXTargetDependency */ = {
			isa = PBXTargetDependency;
			target = FBA262E62996B87400CA367F /* ArgyleTest */;
			targetProxy = FBA263082996B87600CA367F /* PBXContainerItemProxy */;
		};
/* End PBXTargetDependency section */

/* Begin XCBuildConfiguration section */
		FBA2630F2996B87600CA367F /* Debug */ = {
			isa = XCBuildConfiguration;
			baseConfigurationReference = FBA2631A2996BBF800CA367F /* Config.xcconfig */;
			buildSettings = {
				ALWAYS_SEARCH_USER_PATHS = NO;
				CLANG_ANALYZER_NONNULL = YES;
				CLANG_ANALYZER_NUMBER_OBJECT_CONVERSION = YES_AGGRESSIVE;
				CLANG_CXX_LANGUAGE_STANDARD = "gnu++20";
				CLANG_ENABLE_MODULES = YES;
				CLANG_ENABLE_OBJC_ARC = YES;
				CLANG_ENABLE_OBJC_WEAK = YES;
				CLANG_WARN_BLOCK_CAPTURE_AUTORELEASING = YES;
				CLANG_WARN_BOOL_CONVERSION = YES;
				CLANG_WARN_COMMA = YES;
				CLANG_WARN_CONSTANT_CONVERSION = YES;
				CLANG_WARN_DEPRECATED_OBJC_IMPLEMENTATIONS = YES;
				CLANG_WARN_DIRECT_OBJC_ISA_USAGE = YES_ERROR;
				CLANG_WARN_DOCUMENTATION_COMMENTS = YES;
				CLANG_WARN_EMPTY_BODY = YES;
				CLANG_WARN_ENUM_CONVERSION = YES;
				CLANG_WARN_INFINITE_RECURSION = YES;
				CLANG_WARN_INT_CONVERSION = YES;
				CLANG_WARN_NON_LITERAL_NULL_CONVERSION = YES;
				CLANG_WARN_OBJC_IMPLICIT_RETAIN_SELF = YES;
				CLANG_WARN_OBJC_LITERAL_CONVERSION = YES;
				CLANG_WARN_OBJC_ROOT_CLASS = YES_ERROR;
				CLANG_WARN_QUOTED_INCLUDE_IN_FRAMEWORK_HEADER = YES;
				CLANG_WARN_RANGE_LOOP_ANALYSIS = YES;
				CLANG_WARN_STRICT_PROTOTYPES = YES;
				CLANG_WARN_SUSPICIOUS_MOVE = YES;
				CLANG_WARN_UNGUARDED_AVAILABILITY = YES_AGGRESSIVE;
				CLANG_WARN_UNREACHABLE_CODE = YES;
				CLANG_WARN__DUPLICATE_METHOD_MATCH = YES;
				COPY_PHASE_STRIP = NO;
				DEBUG_INFORMATION_FORMAT = dwarf;
				ENABLE_STRICT_OBJC_MSGSEND = YES;
				ENABLE_TESTABILITY = YES;
				GCC_C_LANGUAGE_STANDARD = gnu11;
				GCC_DYNAMIC_NO_PIC = NO;
				GCC_NO_COMMON_BLOCKS = YES;
				GCC_OPTIMIZATION_LEVEL = 0;
				GCC_PREPROCESSOR_DEFINITIONS = (
					"DEBUG=1",
					"$(inherited)",
				);
				GCC_WARN_64_TO_32_BIT_CONVERSION = YES;
				GCC_WARN_ABOUT_RETURN_TYPE = YES_ERROR;
				GCC_WARN_UNDECLARED_SELECTOR = YES;
				GCC_WARN_UNINITIALIZED_AUTOS = YES_AGGRESSIVE;
				GCC_WARN_UNUSED_FUNCTION = YES;
				GCC_WARN_UNUSED_VARIABLE = YES;
				IPHONEOS_DEPLOYMENT_TARGET = 16.2;
				MTL_ENABLE_DEBUG_INFO = INCLUDE_SOURCE;
				MTL_FAST_MATH = YES;
				ONLY_ACTIVE_ARCH = YES;
				SDKROOT = iphoneos;
				SWIFT_ACTIVE_COMPILATION_CONDITIONS = DEBUG;
				SWIFT_OPTIMIZATION_LEVEL = "-Onone";
			};
			name = Debug;
		};
		FBA263102996B87600CA367F /* Release */ = {
			isa = XCBuildConfiguration;
			baseConfigurationReference = FBA2631A2996BBF800CA367F /* Config.xcconfig */;
			buildSettings = {
				ALWAYS_SEARCH_USER_PATHS = NO;
				CLANG_ANALYZER_NONNULL = YES;
				CLANG_ANALYZER_NUMBER_OBJECT_CONVERSION = YES_AGGRESSIVE;
				CLANG_CXX_LANGUAGE_STANDARD = "gnu++20";
				CLANG_ENABLE_MODULES = YES;
				CLANG_ENABLE_OBJC_ARC = YES;
				CLANG_ENABLE_OBJC_WEAK = YES;
				CLANG_WARN_BLOCK_CAPTURE_AUTORELEASING = YES;
				CLANG_WARN_BOOL_CONVERSION = YES;
				CLANG_WARN_COMMA = YES;
				CLANG_WARN_CONSTANT_CONVERSION = YES;
				CLANG_WARN_DEPRECATED_OBJC_IMPLEMENTATIONS = YES;
				CLANG_WARN_DIRECT_OBJC_ISA_USAGE = YES_ERROR;
				CLANG_WARN_DOCUMENTATION_COMMENTS = YES;
				CLANG_WARN_EMPTY_BODY = YES;
				CLANG_WARN_ENUM_CONVERSION = YES;
				CLANG_WARN_INFINITE_RECURSION = YES;
				CLANG_WARN_INT_CONVERSION = YES;
				CLANG_WARN_NON_LITERAL_NULL_CONVERSION = YES;
				CLANG_WARN_OBJC_IMPLICIT_RETAIN_SELF = YES;
				CLANG_WARN_OBJC_LITERAL_CONVERSION = YES;
				CLANG_WARN_OBJC_ROOT_CLASS = YES_ERROR;
				CLANG_WARN_QUOTED_INCLUDE_IN_FRAMEWORK_HEADER = YES;
				CLANG_WARN_RANGE_LOOP_ANALYSIS = YES;
				CLANG_WARN_STRICT_PROTOTYPES = YES;
				CLANG_WARN_SUSPICIOUS_MOVE = YES;
				CLANG_WARN_UNGUARDED_AVAILABILITY = YES_AGGRESSIVE;
				CLANG_WARN_UNREACHABLE_CODE = YES;
				CLANG_WARN__DUPLICATE_METHOD_MATCH = YES;
				COPY_PHASE_STRIP = NO;
				DEBUG_INFORMATION_FORMAT = "dwarf-with-dsym";
				ENABLE_NS_ASSERTIONS = NO;
				ENABLE_STRICT_OBJC_MSGSEND = YES;
				GCC_C_LANGUAGE_STANDARD = gnu11;
				GCC_NO_COMMON_BLOCKS = YES;
				GCC_WARN_64_TO_32_BIT_CONVERSION = YES;
				GCC_WARN_ABOUT_RETURN_TYPE = YES_ERROR;
				GCC_WARN_UNDECLARED_SELECTOR = YES;
				GCC_WARN_UNINITIALIZED_AUTOS = YES_AGGRESSIVE;
				GCC_WARN_UNUSED_FUNCTION = YES;
				GCC_WARN_UNUSED_VARIABLE = YES;
				IPHONEOS_DEPLOYMENT_TARGET = 16.2;
				MTL_ENABLE_DEBUG_INFO = NO;
				MTL_FAST_MATH = YES;
				SDKROOT = iphoneos;
				SWIFT_COMPILATION_MODE = wholemodule;
				SWIFT_OPTIMIZATION_LEVEL = "-O";
				VALIDATE_PRODUCT = YES;
			};
			name = Release;
		};
		FBA263122996B87600CA367F /* Debug */ = {
			isa = XCBuildConfiguration;
			buildSettings = {
				ASSETCATALOG_COMPILER_APPICON_NAME = AppIcon;
				ASSETCATALOG_COMPILER_GLOBAL_ACCENT_COLOR_NAME = AccentColor;
				CODE_SIGN_STYLE = Automatic;
				CURRENT_PROJECT_VERSION = 1;
				DEVELOPMENT_TEAM = 3PJX8UJTF8;
				GENERATE_INFOPLIST_FILE = YES;
				INFOPLIST_FILE = ArgyleTest/Info.plist;
				INFOPLIST_KEY_UIApplicationSupportsIndirectInputEvents = YES;
				INFOPLIST_KEY_UILaunchStoryboardName = LaunchScreen;
				INFOPLIST_KEY_UIMainStoryboardFile = "";
				INFOPLIST_KEY_UISupportedInterfaceOrientations_iPad = "UIInterfaceOrientationPortrait UIInterfaceOrientationPortraitUpsideDown UIInterfaceOrientationLandscapeLeft UIInterfaceOrientationLandscapeRight";
				INFOPLIST_KEY_UISupportedInterfaceOrientations_iPhone = "UIInterfaceOrientationPortrait UIInterfaceOrientationLandscapeLeft UIInterfaceOrientationLandscapeRight";
				LD_RUNPATH_SEARCH_PATHS = (
					"$(inherited)",
					"@executable_path/Frameworks",
				);
				MARKETING_VERSION = 1.0;
				PRODUCT_BUNDLE_IDENTIFIER = com.ArgyleTest;
				PRODUCT_NAME = "$(TARGET_NAME)";
				SWIFT_EMIT_LOC_STRINGS = YES;
				SWIFT_VERSION = 5.0;
				TARGETED_DEVICE_FAMILY = "1,2";
			};
			name = Debug;
		};
		FBA263132996B87600CA367F /* Release */ = {
			isa = XCBuildConfiguration;
			buildSettings = {
				ASSETCATALOG_COMPILER_APPICON_NAME = AppIcon;
				ASSETCATALOG_COMPILER_GLOBAL_ACCENT_COLOR_NAME = AccentColor;
				CODE_SIGN_STYLE = Automatic;
				CURRENT_PROJECT_VERSION = 1;
				DEVELOPMENT_TEAM = 3PJX8UJTF8;
				GENERATE_INFOPLIST_FILE = YES;
				INFOPLIST_FILE = ArgyleTest/Info.plist;
				INFOPLIST_KEY_UIApplicationSupportsIndirectInputEvents = YES;
				INFOPLIST_KEY_UILaunchStoryboardName = LaunchScreen;
				INFOPLIST_KEY_UIMainStoryboardFile = "";
				INFOPLIST_KEY_UISupportedInterfaceOrientations_iPad = "UIInterfaceOrientationPortrait UIInterfaceOrientationPortraitUpsideDown UIInterfaceOrientationLandscapeLeft UIInterfaceOrientationLandscapeRight";
				INFOPLIST_KEY_UISupportedInterfaceOrientations_iPhone = "UIInterfaceOrientationPortrait UIInterfaceOrientationLandscapeLeft UIInterfaceOrientationLandscapeRight";
				LD_RUNPATH_SEARCH_PATHS = (
					"$(inherited)",
					"@executable_path/Frameworks",
				);
				MARKETING_VERSION = 1.0;
				PRODUCT_BUNDLE_IDENTIFIER = com.ArgyleTest;
				PRODUCT_NAME = "$(TARGET_NAME)";
				SWIFT_EMIT_LOC_STRINGS = YES;
				SWIFT_VERSION = 5.0;
				TARGETED_DEVICE_FAMILY = "1,2";
			};
			name = Release;
		};
		FBA263152996B87600CA367F /* Debug */ = {
			isa = XCBuildConfiguration;
			buildSettings = {
				ALWAYS_EMBED_SWIFT_STANDARD_LIBRARIES = YES;
				BUNDLE_LOADER = "$(TEST_HOST)";
				CODE_SIGN_STYLE = Automatic;
				CURRENT_PROJECT_VERSION = 1;
				DEVELOPMENT_TEAM = 3PJX8UJTF8;
				GENERATE_INFOPLIST_FILE = YES;
				IPHONEOS_DEPLOYMENT_TARGET = 16.2;
				MARKETING_VERSION = 1.0;
				PRODUCT_BUNDLE_IDENTIFIER = com.ArgyleTestTests;
				PRODUCT_NAME = "$(TARGET_NAME)";
				SWIFT_EMIT_LOC_STRINGS = NO;
				SWIFT_VERSION = 5.0;
				TARGETED_DEVICE_FAMILY = "1,2";
				TEST_HOST = "$(BUILT_PRODUCTS_DIR)/ArgyleTest.app/$(BUNDLE_EXECUTABLE_FOLDER_PATH)/ArgyleTest";
			};
			name = Debug;
		};
		FBA263162996B87600CA367F /* Release */ = {
			isa = XCBuildConfiguration;
			buildSettings = {
				ALWAYS_EMBED_SWIFT_STANDARD_LIBRARIES = YES;
				BUNDLE_LOADER = "$(TEST_HOST)";
				CODE_SIGN_STYLE = Automatic;
				CURRENT_PROJECT_VERSION = 1;
				DEVELOPMENT_TEAM = 3PJX8UJTF8;
				GENERATE_INFOPLIST_FILE = YES;
				IPHONEOS_DEPLOYMENT_TARGET = 16.2;
				MARKETING_VERSION = 1.0;
				PRODUCT_BUNDLE_IDENTIFIER = com.ArgyleTestTests;
				PRODUCT_NAME = "$(TARGET_NAME)";
				SWIFT_EMIT_LOC_STRINGS = NO;
				SWIFT_VERSION = 5.0;
				TARGETED_DEVICE_FAMILY = "1,2";
				TEST_HOST = "$(BUILT_PRODUCTS_DIR)/ArgyleTest.app/$(BUNDLE_EXECUTABLE_FOLDER_PATH)/ArgyleTest";
			};
			name = Release;
		};
		FBA263182996B87600CA367F /* Debug */ = {
			isa = XCBuildConfiguration;
			buildSettings = {
				ALWAYS_EMBED_SWIFT_STANDARD_LIBRARIES = YES;
				CODE_SIGN_STYLE = Automatic;
				CURRENT_PROJECT_VERSION = 1;
				DEVELOPMENT_TEAM = 3PJX8UJTF8;
				GENERATE_INFOPLIST_FILE = YES;
				MARKETING_VERSION = 1.0;
				PRODUCT_BUNDLE_IDENTIFIER = com.ArgyleTestUITests;
				PRODUCT_NAME = "$(TARGET_NAME)";
				SWIFT_EMIT_LOC_STRINGS = NO;
				SWIFT_VERSION = 5.0;
				TARGETED_DEVICE_FAMILY = "1,2";
				TEST_TARGET_NAME = ArgyleTest;
			};
			name = Debug;
		};
		FBA263192996B87600CA367F /* Release */ = {
			isa = XCBuildConfiguration;
			buildSettings = {
				ALWAYS_EMBED_SWIFT_STANDARD_LIBRARIES = YES;
				CODE_SIGN_STYLE = Automatic;
				CURRENT_PROJECT_VERSION = 1;
				DEVELOPMENT_TEAM = 3PJX8UJTF8;
				GENERATE_INFOPLIST_FILE = YES;
				MARKETING_VERSION = 1.0;
				PRODUCT_BUNDLE_IDENTIFIER = com.ArgyleTestUITests;
				PRODUCT_NAME = "$(TARGET_NAME)";
				SWIFT_EMIT_LOC_STRINGS = NO;
				SWIFT_VERSION = 5.0;
				TARGETED_DEVICE_FAMILY = "1,2";
				TEST_TARGET_NAME = ArgyleTest;
			};
			name = Release;
		};
/* End XCBuildConfiguration section */

/* Begin XCConfigurationList section */
		FBA262E22996B87400CA367F /* Build configuration list for PBXProject "ArgyleTest" */ = {
			isa = XCConfigurationList;
			buildConfigurations = (
				FBA2630F2996B87600CA367F /* Debug */,
				FBA263102996B87600CA367F /* Release */,
			);
			defaultConfigurationIsVisible = 0;
			defaultConfigurationName = Release;
		};
		FBA263112996B87600CA367F /* Build configuration list for PBXNativeTarget "ArgyleTest" */ = {
			isa = XCConfigurationList;
			buildConfigurations = (
				FBA263122996B87600CA367F /* Debug */,
				FBA263132996B87600CA367F /* Release */,
			);
			defaultConfigurationIsVisible = 0;
			defaultConfigurationName = Release;
		};
		FBA263142996B87600CA367F /* Build configuration list for PBXNativeTarget "ArgyleTestTests" */ = {
			isa = XCConfigurationList;
			buildConfigurations = (
				FBA263152996B87600CA367F /* Debug */,
				FBA263162996B87600CA367F /* Release */,
			);
			defaultConfigurationIsVisible = 0;
			defaultConfigurationName = Release;
		};
		FBA263172996B87600CA367F /* Build configuration list for PBXNativeTarget "ArgyleTestUITests" */ = {
			isa = XCConfigurationList;
			buildConfigurations = (
				FBA263182996B87600CA367F /* Debug */,
				FBA263192996B87600CA367F /* Release */,
			);
			defaultConfigurationIsVisible = 0;
			defaultConfigurationName = Release;
		};
/* End XCConfigurationList section */

/* Begin XCRemoteSwiftPackageReference section */
		FBA263552997B35D00CA367F /* XCRemoteSwiftPackageReference "CombineCocoa" */ = {
			isa = XCRemoteSwiftPackageReference;
			repositoryURL = "https://github.com/CombineCommunity/CombineCocoa.git";
			requirement = {
				kind = upToNextMajorVersion;
				minimumVersion = 0.4.1;
			};
		};
		FBA263582997B38200CA367F /* XCRemoteSwiftPackageReference "Kingfisher" */ = {
			isa = XCRemoteSwiftPackageReference;
			repositoryURL = "https://github.com/onevcat/Kingfisher.git";
			requirement = {
				kind = upToNextMajorVersion;
				minimumVersion = 7.0.0;
			};
		};
/* End XCRemoteSwiftPackageReference section */

/* Begin XCSwiftPackageProductDependency section */
		FBA263562997B35D00CA367F /* CombineCocoa */ = {
			isa = XCSwiftPackageProductDependency;
			package = FBA263552997B35D00CA367F /* XCRemoteSwiftPackageReference "CombineCocoa" */;
			productName = CombineCocoa;
		};
		FBA263592997B38200CA367F /* Kingfisher */ = {
			isa = XCSwiftPackageProductDependency;
			package = FBA263582997B38200CA367F /* XCRemoteSwiftPackageReference "Kingfisher" */;
			productName = Kingfisher;
		};
		FBA2635E2998367500CA367F /* CombineCocoa */ = {
			isa = XCSwiftPackageProductDependency;
			package = FBA263552997B35D00CA367F /* XCRemoteSwiftPackageReference "CombineCocoa" */;
			productName = CombineCocoa;
		};
		FBA263602998367500CA367F /* Kingfisher */ = {
			isa = XCSwiftPackageProductDependency;
			package = FBA263582997B38200CA367F /* XCRemoteSwiftPackageReference "Kingfisher" */;
			productName = Kingfisher;
		};
/* End XCSwiftPackageProductDependency section */
	};
	rootObject = FBA262DF2996B87400CA367F /* Project object */;
}
